
Microsoft Visual Studio Solution File, Format Version 12.00
# Visual Studio Version 17
VisualStudioVersion = 17.10.35027.167
MinimumVisualStudioVersion = 10.0.40219.1
Project("{FAE04EC0-301F-11D3-BF4B-00C04F79EFBC}") = "RPG Game", "RPG Game.csproj", "{095CC910-1640-445E-82FC-E83A6633BF90}"
EndProject
Global
	GlobalSection(SolutionConfigurationPlatforms) = preSolution
		Debug|Any CPU = Debug|Any CPU
		Release|Any CPU = Release|Any CPU
	EndGlobalSection
	GlobalSection(ProjectConfigurationPlatforms) = postSolution
		{095CC910-1640-445E-82FC-E83A6633BF90}.Debug|Any CPU.ActiveCfg = Debug|Any CPU
		{095CC910-1640-445E-82FC-E83A6633BF90}.Debug|Any CPU.Build.0 = Debug|Any CPU
		{095CC910-1640-445E-82FC-E83A6633BF90}.Release|Any CPU.ActiveCfg = Release|Any CPU
		{095CC910-1640-445E-82FC-E83A6633BF90}.Release|Any CPU.Build.0 = Release|Any CPU
	EndGlobalSection
	GlobalSection(SolutionProperties) = preSolution
		HideSolutionNode = FALSE
	EndGlobalSection
	GlobalSection(ExtensibilityGlobals) = postSolution
		SolutionGuid = {544CC8F4-F173-407C-8411-30404E4DB7A9}
	EndGlobalSection
EndGlobal
